// !$*UTF8*$!
{
	archiveVersion = 1;
	classes = {
	};
	objectVersion = 46;
	objects = {

/* Begin PBXBuildFile section */
		497698C51B2BC86800E05810 /* main.m in Sources */ = {isa = PBXBuildFile; fileRef = 497698C41B2BC86800E05810 /* main.m */; };
		497698C81B2BC86800E05810 /* AppDelegate.m in Sources */ = {isa = PBXBuildFile; fileRef = 497698C71B2BC86800E05810 /* AppDelegate.m */; };
		497698CB1B2BC86800E05810 /* CleanOrders.xcdatamodeld in Sources */ = {isa = PBXBuildFile; fileRef = 497698C91B2BC86800E05810 /* CleanOrders.xcdatamodeld */; };
		497698CE1B2BC86800E05810 /* RootController.m in Sources */ = {isa = PBXBuildFile; fileRef = 497698CD1B2BC86800E05810 /* RootController.m */; };
		497698D11B2BC86800E05810 /* Main.storyboard in Resources */ = {isa = PBXBuildFile; fileRef = 497698CF1B2BC86800E05810 /* Main.storyboard */; };
		497698D31B2BC86800E05810 /* Images.xcassets in Resources */ = {isa = PBXBuildFile; fileRef = 497698D21B2BC86800E05810 /* Images.xcassets */; };
		497698D61B2BC86800E05810 /* LaunchScreen.xib in Resources */ = {isa = PBXBuildFile; fileRef = 497698D41B2BC86800E05810 /* LaunchScreen.xib */; };
		497698E21B2BC86900E05810 /* CleanOrdersTests.m in Sources */ = {isa = PBXBuildFile; fileRef = 497698E11B2BC86900E05810 /* CleanOrdersTests.m */; };
		49B667A81B2C2AC0002C7A43 /* DetailViewController.m in Sources */ = {isa = PBXBuildFile; fileRef = 49B667A71B2C2AC0002C7A43 /* DetailViewController.m */; };
		49B667D81B2CCD63002C7A43 /* AVFoundation.framework in Frameworks */ = {isa = PBXBuildFile; fileRef = 49B667D71B2CCD63002C7A43 /* AVFoundation.framework */; };
		49B667DA1B2CCD67002C7A43 /* CoreData.framework in Frameworks */ = {isa = PBXBuildFile; fileRef = 49B667D91B2CCD67002C7A43 /* CoreData.framework */; };
		49B667DC1B2CCD6C002C7A43 /* CoreLocation.framework in Frameworks */ = {isa = PBXBuildFile; fileRef = 49B667DB1B2CCD6C002C7A43 /* CoreLocation.framework */; };
		49B667DE1B2CCD71002C7A43 /* CoreText.framework in Frameworks */ = {isa = PBXBuildFile; fileRef = 49B667DD1B2CCD71002C7A43 /* CoreText.framework */; };
		49B667E01B2CCD77002C7A43 /* GLKit.framework in Frameworks */ = {isa = PBXBuildFile; fileRef = 49B667DF1B2CCD77002C7A43 /* GLKit.framework */; };
		49B667E21B2CCD80002C7A43 /* ImageIO.framework in Frameworks */ = {isa = PBXBuildFile; fileRef = 49B667E11B2CCD80002C7A43 /* ImageIO.framework */; };
		49B667E41B2CCD8A002C7A43 /* libc++.dylib in Frameworks */ = {isa = PBXBuildFile; fileRef = 49B667E31B2CCD8A002C7A43 /* libc++.dylib */; };
		49B667E61B2CCD94002C7A43 /* libicucore.dylib in Frameworks */ = {isa = PBXBuildFile; fileRef = 49B667E51B2CCD94002C7A43 /* libicucore.dylib */; };
		49B667E81B2CCD9A002C7A43 /* libz.dylib in Frameworks */ = {isa = PBXBuildFile; fileRef = 49B667E71B2CCD9A002C7A43 /* libz.dylib */; };
		49B667EA1B2CCD9F002C7A43 /* OpenGLES.framework in Frameworks */ = {isa = PBXBuildFile; fileRef = 49B667E91B2CCD9F002C7A43 /* OpenGLES.framework */; };
		49B667EC1B2CCDA3002C7A43 /* QuartzCore.framework in Frameworks */ = {isa = PBXBuildFile; fileRef = 49B667EB1B2CCDA3002C7A43 /* QuartzCore.framework */; };
		49B667EE1B2CCDAB002C7A43 /* SystemConfiguration.framework in Frameworks */ = {isa = PBXBuildFile; fileRef = 49B667ED1B2CCDAB002C7A43 /* SystemConfiguration.framework */; };
		49B667F01B2CCEDC002C7A43 /* Accelerate.framework in Frameworks */ = {isa = PBXBuildFile; fileRef = 49B667EF1B2CCEDC002C7A43 /* Accelerate.framework */; };
		49B667F21B2CCEE2002C7A43 /* CoreBluetooth.framework in Frameworks */ = {isa = PBXBuildFile; fileRef = 49B667F11B2CCEE2002C7A43 /* CoreBluetooth.framework */; };
		49B667F41B2CCEE9002C7A43 /* CoreGraphics.framework in Frameworks */ = {isa = PBXBuildFile; fileRef = 49B667F31B2CCEE9002C7A43 /* CoreGraphics.framework */; };
		49B667F61B2CCEF4002C7A43 /* Security.framework in Frameworks */ = {isa = PBXBuildFile; fileRef = 49B667F51B2CCEF4002C7A43 /* Security.framework */; };
		49B667FC1B2CD95C002C7A43 /* GoogleMaps.framework in Frameworks */ = {isa = PBXBuildFile; fileRef = 49B667FB1B2CD95C002C7A43 /* GoogleMaps.framework */; };
		49B667FE1B2CD981002C7A43 /* GoogleMaps.bundle in Resources */ = {isa = PBXBuildFile; fileRef = 49B667FD1B2CD981002C7A43 /* GoogleMaps.bundle */; };
/* End PBXBuildFile section */

/* Begin PBXContainerItemProxy section */
		497698DC1B2BC86900E05810 /* PBXContainerItemProxy */ = {
			isa = PBXContainerItemProxy;
			containerPortal = 497698B71B2BC86800E05810 /* Project object */;
			proxyType = 1;
			remoteGlobalIDString = 497698BE1B2BC86800E05810;
			remoteInfo = CleanOrders;
		};
/* End PBXContainerItemProxy section */

/* Begin PBXFileReference section */
		497698BF1B2BC86800E05810 /* CleanOrders.app */ = {isa = PBXFileReference; explicitFileType = wrapper.application; includeInIndex = 0; path = CleanOrders.app; sourceTree = BUILT_PRODUCTS_DIR; };
		497698C31B2BC86800E05810 /* Info.plist */ = {isa = PBXFileReference; lastKnownFileType = text.plist.xml; path = Info.plist; sourceTree = "<group>"; };
		497698C41B2BC86800E05810 /* main.m */ = {isa = PBXFileReference; lastKnownFileType = sourcecode.c.objc; path = main.m; sourceTree = "<group>"; };
		497698C61B2BC86800E05810 /* AppDelegate.h */ = {isa = PBXFileReference; lastKnownFileType = sourcecode.c.h; path = AppDelegate.h; sourceTree = "<group>"; };
		497698C71B2BC86800E05810 /* AppDelegate.m */ = {isa = PBXFileReference; lastKnownFileType = sourcecode.c.objc; path = AppDelegate.m; sourceTree = "<group>"; };
		497698CA1B2BC86800E05810 /* CleanOrders.xcdatamodel */ = {isa = PBXFileReference; lastKnownFileType = wrapper.xcdatamodel; path = CleanOrders.xcdatamodel; sourceTree = "<group>"; };
		497698CC1B2BC86800E05810 /* RootController.h */ = {isa = PBXFileReference; lastKnownFileType = sourcecode.c.h; path = RootController.h; sourceTree = "<group>"; };
		497698CD1B2BC86800E05810 /* RootController.m */ = {isa = PBXFileReference; lastKnownFileType = sourcecode.c.objc; path = RootController.m; sourceTree = "<group>"; };
		497698D01B2BC86800E05810 /* Base */ = {isa = PBXFileReference; lastKnownFileType = file.storyboard; name = Base; path = Base.lproj/Main.storyboard; sourceTree = "<group>"; };
		497698D21B2BC86800E05810 /* Images.xcassets */ = {isa = PBXFileReference; lastKnownFileType = folder.assetcatalog; path = Images.xcassets; sourceTree = "<group>"; };
		497698D51B2BC86800E05810 /* Base */ = {isa = PBXFileReference; lastKnownFileType = file.xib; name = Base; path = Base.lproj/LaunchScreen.xib; sourceTree = "<group>"; };
		497698DB1B2BC86900E05810 /* CleanOrdersTests.xctest */ = {isa = PBXFileReference; explicitFileType = wrapper.cfbundle; includeInIndex = 0; path = CleanOrdersTests.xctest; sourceTree = BUILT_PRODUCTS_DIR; };
		497698E01B2BC86900E05810 /* Info.plist */ = {isa = PBXFileReference; lastKnownFileType = text.plist.xml; path = Info.plist; sourceTree = "<group>"; };
		497698E11B2BC86900E05810 /* CleanOrdersTests.m */ = {isa = PBXFileReference; lastKnownFileType = sourcecode.c.objc; path = CleanOrdersTests.m; sourceTree = "<group>"; };
		49B667A61B2C2AC0002C7A43 /* DetailViewController.h */ = {isa = PBXFileReference; fileEncoding = 4; lastKnownFileType = sourcecode.c.h; path = DetailViewController.h; sourceTree = "<group>"; };
		49B667A71B2C2AC0002C7A43 /* DetailViewController.m */ = {isa = PBXFileReference; fileEncoding = 4; lastKnownFileType = sourcecode.c.objc; path = DetailViewController.m; sourceTree = "<group>"; };
		49B667D71B2CCD63002C7A43 /* AVFoundation.framework */ = {isa = PBXFileReference; lastKnownFileType = wrapper.framework; name = AVFoundation.framework; path = System/Library/Frameworks/AVFoundation.framework; sourceTree = SDKROOT; };
		49B667D91B2CCD67002C7A43 /* CoreData.framework */ = {isa = PBXFileReference; lastKnownFileType = wrapper.framework; name = CoreData.framework; path = System/Library/Frameworks/CoreData.framework; sourceTree = SDKROOT; };
		49B667DB1B2CCD6C002C7A43 /* CoreLocation.framework */ = {isa = PBXFileReference; lastKnownFileType = wrapper.framework; name = CoreLocation.framework; path = System/Library/Frameworks/CoreLocation.framework; sourceTree = SDKROOT; };
		49B667DD1B2CCD71002C7A43 /* CoreText.framework */ = {isa = PBXFileReference; lastKnownFileType = wrapper.framework; name = CoreText.framework; path = System/Library/Frameworks/CoreText.framework; sourceTree = SDKROOT; };
		49B667DF1B2CCD77002C7A43 /* GLKit.framework */ = {isa = PBXFileReference; lastKnownFileType = wrapper.framework; name = GLKit.framework; path = System/Library/Frameworks/GLKit.framework; sourceTree = SDKROOT; };
		49B667E11B2CCD80002C7A43 /* ImageIO.framework */ = {isa = PBXFileReference; lastKnownFileType = wrapper.framework; name = ImageIO.framework; path = System/Library/Frameworks/ImageIO.framework; sourceTree = SDKROOT; };
		49B667E31B2CCD8A002C7A43 /* libc++.dylib */ = {isa = PBXFileReference; lastKnownFileType = "compiled.mach-o.dylib"; name = "libc++.dylib"; path = "usr/lib/libc++.dylib"; sourceTree = SDKROOT; };
		49B667E51B2CCD94002C7A43 /* libicucore.dylib */ = {isa = PBXFileReference; lastKnownFileType = "compiled.mach-o.dylib"; name = libicucore.dylib; path = usr/lib/libicucore.dylib; sourceTree = SDKROOT; };
		49B667E71B2CCD9A002C7A43 /* libz.dylib */ = {isa = PBXFileReference; lastKnownFileType = "compiled.mach-o.dylib"; name = libz.dylib; path = usr/lib/libz.dylib; sourceTree = SDKROOT; };
		49B667E91B2CCD9F002C7A43 /* OpenGLES.framework */ = {isa = PBXFileReference; lastKnownFileType = wrapper.framework; name = OpenGLES.framework; path = System/Library/Frameworks/OpenGLES.framework; sourceTree = SDKROOT; };
		49B667EB1B2CCDA3002C7A43 /* QuartzCore.framework */ = {isa = PBXFileReference; lastKnownFileType = wrapper.framework; name = QuartzCore.framework; path = System/Library/Frameworks/QuartzCore.framework; sourceTree = SDKROOT; };
		49B667ED1B2CCDAB002C7A43 /* SystemConfiguration.framework */ = {isa = PBXFileReference; lastKnownFileType = wrapper.framework; name = SystemConfiguration.framework; path = System/Library/Frameworks/SystemConfiguration.framework; sourceTree = SDKROOT; };
		49B667EF1B2CCEDC002C7A43 /* Accelerate.framework */ = {isa = PBXFileReference; lastKnownFileType = wrapper.framework; name = Accelerate.framework; path = System/Library/Frameworks/Accelerate.framework; sourceTree = SDKROOT; };
		49B667F11B2CCEE2002C7A43 /* CoreBluetooth.framework */ = {isa = PBXFileReference; lastKnownFileType = wrapper.framework; name = CoreBluetooth.framework; path = System/Library/Frameworks/CoreBluetooth.framework; sourceTree = SDKROOT; };
		49B667F31B2CCEE9002C7A43 /* CoreGraphics.framework */ = {isa = PBXFileReference; lastKnownFileType = wrapper.framework; name = CoreGraphics.framework; path = System/Library/Frameworks/CoreGraphics.framework; sourceTree = SDKROOT; };
		49B667F51B2CCEF4002C7A43 /* Security.framework */ = {isa = PBXFileReference; lastKnownFileType = wrapper.framework; name = Security.framework; path = System/Library/Frameworks/Security.framework; sourceTree = SDKROOT; };
		49B667FB1B2CD95C002C7A43 /* GoogleMaps.framework */ = {isa = PBXFileReference; lastKnownFileType = wrapper.framework; name = GoogleMaps.framework; path = "../../GoogleMaps-iOS-1.9.1/GoogleMaps.framework"; sourceTree = "<group>"; };
		49B667FD1B2CD981002C7A43 /* GoogleMaps.bundle */ = {isa = PBXFileReference; lastKnownFileType = "wrapper.plug-in"; name = GoogleMaps.bundle; path = ../GoogleMaps.bundle; sourceTree = "<group>"; };
/* End PBXFileReference section */

/* Begin PBXFrameworksBuildPhase section */
		497698BC1B2BC86800E05810 /* Frameworks */ = {
			isa = PBXFrameworksBuildPhase;
			buildActionMask = 2147483647;
			files = (
				49B667FC1B2CD95C002C7A43 /* GoogleMaps.framework in Frameworks */,
				49B667F61B2CCEF4002C7A43 /* Security.framework in Frameworks */,
				49B667F41B2CCEE9002C7A43 /* CoreGraphics.framework in Frameworks */,
				49B667F21B2CCEE2002C7A43 /* CoreBluetooth.framework in Frameworks */,
				49B667F01B2CCEDC002C7A43 /* Accelerate.framework in Frameworks */,
				49B667EE1B2CCDAB002C7A43 /* SystemConfiguration.framework in Frameworks */,
				49B667EC1B2CCDA3002C7A43 /* QuartzCore.framework in Frameworks */,
				49B667EA1B2CCD9F002C7A43 /* OpenGLES.framework in Frameworks */,
				49B667E81B2CCD9A002C7A43 /* libz.dylib in Frameworks */,
				49B667E61B2CCD94002C7A43 /* libicucore.dylib in Frameworks */,
				49B667E41B2CCD8A002C7A43 /* libc++.dylib in Frameworks */,
				49B667E21B2CCD80002C7A43 /* ImageIO.framework in Frameworks */,
				49B667E01B2CCD77002C7A43 /* GLKit.framework in Frameworks */,
				49B667DE1B2CCD71002C7A43 /* CoreText.framework in Frameworks */,
				49B667DC1B2CCD6C002C7A43 /* CoreLocation.framework in Frameworks */,
				49B667DA1B2CCD67002C7A43 /* CoreData.framework in Frameworks */,
				49B667D81B2CCD63002C7A43 /* AVFoundation.framework in Frameworks */,
			);
			runOnlyForDeploymentPostprocessing = 0;
		};
		497698D81B2BC86900E05810 /* Frameworks */ = {
			isa = PBXFrameworksBuildPhase;
			buildActionMask = 2147483647;
			files = (
			);
			runOnlyForDeploymentPostprocessing = 0;
		};
/* End PBXFrameworksBuildPhase section */

/* Begin PBXGroup section */
		497698B61B2BC86800E05810 = {
			isa = PBXGroup;
			children = (
				497698C11B2BC86800E05810 /* CleanOrders */,
				497698DE1B2BC86900E05810 /* CleanOrdersTests */,
				497698C01B2BC86800E05810 /* Products */,
			);
			sourceTree = "<group>";
		};
		497698C01B2BC86800E05810 /* Products */ = {
			isa = PBXGroup;
			children = (
				497698BF1B2BC86800E05810 /* CleanOrders.app */,
				497698DB1B2BC86900E05810 /* CleanOrdersTests.xctest */,
			);
			name = Products;
			sourceTree = "<group>";
		};
		497698C11B2BC86800E05810 /* CleanOrders */ = {
			isa = PBXGroup;
			children = (
				49B667FA1B2CD946002C7A43 /* Frameworks */,
				497698C61B2BC86800E05810 /* AppDelegate.h */,
				497698C71B2BC86800E05810 /* AppDelegate.m */,
				497698CC1B2BC86800E05810 /* RootController.h */,
				497698CD1B2BC86800E05810 /* RootController.m */,
				49B667A61B2C2AC0002C7A43 /* DetailViewController.h */,
				49B667A71B2C2AC0002C7A43 /* DetailViewController.m */,
				497698CF1B2BC86800E05810 /* Main.storyboard */,
				497698D21B2BC86800E05810 /* Images.xcassets */,
				497698D41B2BC86800E05810 /* LaunchScreen.xib */,
				497698C91B2BC86800E05810 /* CleanOrders.xcdatamodeld */,
				497698C21B2BC86800E05810 /* Supporting Files */,
			);
			path = CleanOrders;
			sourceTree = "<group>";
		};
		497698C21B2BC86800E05810 /* Supporting Files */ = {
			isa = PBXGroup;
			children = (
				497698C31B2BC86800E05810 /* Info.plist */,
				497698C41B2BC86800E05810 /* main.m */,
			);
			name = "Supporting Files";
			sourceTree = "<group>";
		};
		497698DE1B2BC86900E05810 /* CleanOrdersTests */ = {
			isa = PBXGroup;
			children = (
				497698E11B2BC86900E05810 /* CleanOrdersTests.m */,
				497698DF1B2BC86900E05810 /* Supporting Files */,
			);
			path = CleanOrdersTests;
			sourceTree = "<group>";
		};
		497698DF1B2BC86900E05810 /* Supporting Files */ = {
			isa = PBXGroup;
			children = (
				497698E01B2BC86900E05810 /* Info.plist */,
			);
			name = "Supporting Files";
			sourceTree = "<group>";
		};
		49B667FA1B2CD946002C7A43 /* Frameworks */ = {
			isa = PBXGroup;
			children = (
				49B667FD1B2CD981002C7A43 /* GoogleMaps.bundle */,
				49B667FB1B2CD95C002C7A43 /* GoogleMaps.framework */,
				49B667F51B2CCEF4002C7A43 /* Security.framework */,
				49B667F31B2CCEE9002C7A43 /* CoreGraphics.framework */,
				49B667F11B2CCEE2002C7A43 /* CoreBluetooth.framework */,
				49B667EF1B2CCEDC002C7A43 /* Accelerate.framework */,
				49B667ED1B2CCDAB002C7A43 /* SystemConfiguration.framework */,
				49B667EB1B2CCDA3002C7A43 /* QuartzCore.framework */,
				49B667E91B2CCD9F002C7A43 /* OpenGLES.framework */,
				49B667E71B2CCD9A002C7A43 /* libz.dylib */,
				49B667E51B2CCD94002C7A43 /* libicucore.dylib */,
				49B667E31B2CCD8A002C7A43 /* libc++.dylib */,
				49B667E11B2CCD80002C7A43 /* ImageIO.framework */,
				49B667DF1B2CCD77002C7A43 /* GLKit.framework */,
				49B667DD1B2CCD71002C7A43 /* CoreText.framework */,
				49B667DB1B2CCD6C002C7A43 /* CoreLocation.framework */,
				49B667D91B2CCD67002C7A43 /* CoreData.framework */,
				49B667D71B2CCD63002C7A43 /* AVFoundation.framework */,
			);
			name = Frameworks;
			sourceTree = "<group>";
		};
/* End PBXGroup section */

/* Begin PBXNativeTarget section */
		497698BE1B2BC86800E05810 /* CleanOrders */ = {
			isa = PBXNativeTarget;
			buildConfigurationList = 497698E51B2BC86900E05810 /* Build configuration list for PBXNativeTarget "CleanOrders" */;
			buildPhases = (
				497698BB1B2BC86800E05810 /* Sources */,
				497698BC1B2BC86800E05810 /* Frameworks */,
				497698BD1B2BC86800E05810 /* Resources */,
			);
			buildRules = (
			);
			dependencies = (
			);
			name = CleanOrders;
			productName = CleanOrders;
			productReference = 497698BF1B2BC86800E05810 /* CleanOrders.app */;
			productType = "com.apple.product-type.application";
		};
		497698DA1B2BC86900E05810 /* CleanOrdersTests */ = {
			isa = PBXNativeTarget;
			buildConfigurationList = 497698E81B2BC86900E05810 /* Build configuration list for PBXNativeTarget "CleanOrdersTests" */;
			buildPhases = (
				497698D71B2BC86900E05810 /* Sources */,
				497698D81B2BC86900E05810 /* Frameworks */,
				497698D91B2BC86900E05810 /* Resources */,
			);
			buildRules = (
			);
			dependencies = (
				497698DD1B2BC86900E05810 /* PBXTargetDependency */,
			);
			name = CleanOrdersTests;
			productName = CleanOrdersTests;
			productReference = 497698DB1B2BC86900E05810 /* CleanOrdersTests.xctest */;
			productType = "com.apple.product-type.bundle.unit-test";
		};
/* End PBXNativeTarget section */

/* Begin PBXProject section */
		497698B71B2BC86800E05810 /* Project object */ = {
			isa = PBXProject;
			attributes = {
				LastUpgradeCheck = 0630;
				ORGANIZATIONNAME = "Andrew Liu";
				TargetAttributes = {
					497698BE1B2BC86800E05810 = {
						CreatedOnToolsVersion = 6.3.2;
					};
					497698DA1B2BC86900E05810 = {
						CreatedOnToolsVersion = 6.3.2;
						TestTargetID = 497698BE1B2BC86800E05810;
					};
				};
			};
			buildConfigurationList = 497698BA1B2BC86800E05810 /* Build configuration list for PBXProject "CleanOrders" */;
			compatibilityVersion = "Xcode 3.2";
			developmentRegion = English;
			hasScannedForEncodings = 0;
			knownRegions = (
				en,
				Base,
			);
			mainGroup = 497698B61B2BC86800E05810;
			productRefGroup = 497698C01B2BC86800E05810 /* Products */;
			projectDirPath = "";
			projectRoot = "";
			targets = (
				497698BE1B2BC86800E05810 /* CleanOrders */,
				497698DA1B2BC86900E05810 /* CleanOrdersTests */,
			);
		};
/* End PBXProject section */

/* Begin PBXResourcesBuildPhase section */
		497698BD1B2BC86800E05810 /* Resources */ = {
			isa = PBXResourcesBuildPhase;
			buildActionMask = 2147483647;
			files = (
				49B667FE1B2CD981002C7A43 /* GoogleMaps.bundle in Resources */,
				497698D11B2BC86800E05810 /* Main.storyboard in Resources */,
				497698D61B2BC86800E05810 /* LaunchScreen.xib in Resources */,
				497698D31B2BC86800E05810 /* Images.xcassets in Resources */,
			);
			runOnlyForDeploymentPostprocessing = 0;
		};
		497698D91B2BC86900E05810 /* Resources */ = {
			isa = PBXResourcesBuildPhase;
			buildActionMask = 2147483647;
			files = (
			);
			runOnlyForDeploymentPostprocessing = 0;
		};
/* End PBXResourcesBuildPhase section */

/* Begin PBXSourcesBuildPhase section */
		497698BB1B2BC86800E05810 /* Sources */ = {
			isa = PBXSourcesBuildPhase;
			buildActionMask = 2147483647;
			files = (
				49B667A81B2C2AC0002C7A43 /* DetailViewController.m in Sources */,
				497698C81B2BC86800E05810 /* AppDelegate.m in Sources */,
				497698CB1B2BC86800E05810 /* CleanOrders.xcdatamodeld in Sources */,
				497698CE1B2BC86800E05810 /* RootController.m in Sources */,
				497698C51B2BC86800E05810 /* main.m in Sources */,
			);
			runOnlyForDeploymentPostprocessing = 0;
		};
		497698D71B2BC86900E05810 /* Sources */ = {
			isa = PBXSourcesBuildPhase;
			buildActionMask = 2147483647;
			files = (
				497698E21B2BC86900E05810 /* CleanOrdersTests.m in Sources */,
			);
			runOnlyForDeploymentPostprocessing = 0;
		};
/* End PBXSourcesBuildPhase section */

/* Begin PBXTargetDependency section */
		497698DD1B2BC86900E05810 /* PBXTargetDependency */ = {
			isa = PBXTargetDependency;
			target = 497698BE1B2BC86800E05810 /* CleanOrders */;
			targetProxy = 497698DC1B2BC86900E05810 /* PBXContainerItemProxy */;
		};
/* End PBXTargetDependency section */

/* Begin PBXVariantGroup section */
		497698CF1B2BC86800E05810 /* Main.storyboard */ = {
			isa = PBXVariantGroup;
			children = (
				497698D01B2BC86800E05810 /* Base */,
			);
			name = Main.storyboard;
			sourceTree = "<group>";
		};
		497698D41B2BC86800E05810 /* LaunchScreen.xib */ = {
			isa = PBXVariantGroup;
			children = (
				497698D51B2BC86800E05810 /* Base */,
			);
			name = LaunchScreen.xib;
			sourceTree = "<group>";
		};
/* End PBXVariantGroup section */

/* Begin XCBuildConfiguration section */
		497698E31B2BC86900E05810 /* Debug */ = {
			isa = XCBuildConfiguration;
			buildSettings = {
				ALWAYS_SEARCH_USER_PATHS = NO;
				CLANG_CXX_LANGUAGE_STANDARD = "gnu++0x";
				CLANG_CXX_LIBRARY = "libc++";
				CLANG_ENABLE_MODULES = YES;
				CLANG_ENABLE_OBJC_ARC = YES;
				CLANG_WARN_BOOL_CONVERSION = YES;
				CLANG_WARN_CONSTANT_CONVERSION = YES;
				CLANG_WARN_DIRECT_OBJC_ISA_USAGE = YES_ERROR;
				CLANG_WARN_EMPTY_BODY = YES;
				CLANG_WARN_ENUM_CONVERSION = YES;
				CLANG_WARN_INT_CONVERSION = YES;
				CLANG_WARN_OBJC_ROOT_CLASS = YES_ERROR;
				CLANG_WARN_UNREACHABLE_CODE = YES;
				CLANG_WARN__DUPLICATE_METHOD_MATCH = YES;
				"CODE_SIGN_IDENTITY[sdk=iphoneos*]" = "iPhone Developer";
				COPY_PHASE_STRIP = NO;
				DEBUG_INFORMATION_FORMAT = "dwarf-with-dsym";
				ENABLE_STRICT_OBJC_MSGSEND = YES;
				GCC_C_LANGUAGE_STANDARD = gnu99;
				GCC_DYNAMIC_NO_PIC = NO;
				GCC_NO_COMMON_BLOCKS = YES;
				GCC_OPTIMIZATION_LEVEL = 0;
				GCC_PREPROCESSOR_DEFINITIONS = (
					"DEBUG=1",
					"$(inherited)",
				);
				GCC_SYMBOLS_PRIVATE_EXTERN = NO;
				GCC_WARN_64_TO_32_BIT_CONVERSION = YES;
				GCC_WARN_ABOUT_RETURN_TYPE = YES_ERROR;
				GCC_WARN_UNDECLARED_SELECTOR = YES;
				GCC_WARN_UNINITIALIZED_AUTOS = YES_AGGRESSIVE;
				GCC_WARN_UNUSED_FUNCTION = YES;
				GCC_WARN_UNUSED_VARIABLE = YES;
				IPHONEOS_DEPLOYMENT_TARGET = 8.3;
				MTL_ENABLE_DEBUG_INFO = YES;
				ONLY_ACTIVE_ARCH = YES;
				OTHER_LDFLAGS = "-ObjC";
				SDKROOT = iphoneos;
			};
			name = Debug;
		};
		497698E41B2BC86900E05810 /* Release */ = {
			isa = XCBuildConfiguration;
			buildSettings = {
				ALWAYS_SEARCH_USER_PATHS = NO;
				CLANG_CXX_LANGUAGE_STANDARD = "gnu++0x";
				CLANG_CXX_LIBRARY = "libc++";
				CLANG_ENABLE_MODULES = YES;
				CLANG_ENABLE_OBJC_ARC = YES;
				CLANG_WARN_BOOL_CONVERSION = YES;
				CLANG_WARN_CONSTANT_CONVERSION = YES;
				CLANG_WARN_DIRECT_OBJC_ISA_USAGE = YES_ERROR;
				CLANG_WARN_EMPTY_BODY = YES;
				CLANG_WARN_ENUM_CONVERSION = YES;
				CLANG_WARN_INT_CONVERSION = YES;
				CLANG_WARN_OBJC_ROOT_CLASS = YES_ERROR;
				CLANG_WARN_UNREACHABLE_CODE = YES;
				CLANG_WARN__DUPLICATE_METHOD_MATCH = YES;
				"CODE_SIGN_IDENTITY[sdk=iphoneos*]" = "iPhone Developer";
				COPY_PHASE_STRIP = NO;
				DEBUG_INFORMATION_FORMAT = "dwarf-with-dsym";
				ENABLE_NS_ASSERTIONS = NO;
				ENABLE_STRICT_OBJC_MSGSEND = YES;
				GCC_C_LANGUAGE_STANDARD = gnu99;
				GCC_NO_COMMON_BLOCKS = YES;
				GCC_WARN_64_TO_32_BIT_CONVERSION = YES;
				GCC_WARN_ABOUT_RETURN_TYPE = YES_ERROR;
				GCC_WARN_UNDECLARED_SELECTOR = YES;
				GCC_WARN_UNINITIALIZED_AUTOS = YES_AGGRESSIVE;
				GCC_WARN_UNUSED_FUNCTION = YES;
				GCC_WARN_UNUSED_VARIABLE = YES;
				IPHONEOS_DEPLOYMENT_TARGET = 8.3;
				MTL_ENABLE_DEBUG_INFO = NO;
				OTHER_LDFLAGS = "-ObjC";
				SDKROOT = iphoneos;
				VALIDATE_PRODUCT = YES;
			};
			name = Release;
		};
		497698E61B2BC86900E05810 /* Debug */ = {
			isa = XCBuildConfiguration;
			buildSettings = {
				ARCHS = (
					arm64,
					armv7,
					armv7s,
				);
				ASSETCATALOG_COMPILER_APPICON_NAME = AppIcon;
				FRAMEWORK_SEARCH_PATHS = (
					"$(inherited)",
					"$(PROJECT_DIR)/CleanOrders",
					"/Users/Andrew/Downloads/GoogleMaps-iOS-1.9.1",
				);
				INFOPLIST_FILE = CleanOrders/Info.plist;
				LD_RUNPATH_SEARCH_PATHS = "$(inherited) @executable_path/Frameworks";
				PRODUCT_NAME = "$(TARGET_NAME)";
			};
			name = Debug;
		};
		497698E71B2BC86900E05810 /* Release */ = {
			isa = XCBuildConfiguration;
			buildSettings = {
				ARCHS = (
					arm64,
					armv7,
					armv7s,
				);
				ASSETCATALOG_COMPILER_APPICON_NAME = AppIcon;
				FRAMEWORK_SEARCH_PATHS = (
					"$(inherited)",
					"$(PROJECT_DIR)/CleanOrders",
					"/Users/Andrew/Downloads/GoogleMaps-iOS-1.9.1",
				);
				INFOPLIST_FILE = CleanOrders/Info.plist;
				LD_RUNPATH_SEARCH_PATHS = "$(inherited) @executable_path/Frameworks";
				PRODUCT_NAME = "$(TARGET_NAME)";
			};
			name = Release;
		};
		497698E91B2BC86900E05810 /* Debug */ = {
			isa = XCBuildConfiguration;
			buildSettings = {
				BUNDLE_LOADER = "$(TEST_HOST)";
				FRAMEWORK_SEARCH_PATHS = (
					"$(SDKROOT)/Developer/Library/Frameworks",
					"$(inherited)",
				);
				GCC_PREPROCESSOR_DEFINITIONS = (
					"DEBUG=1",
					"$(inherited)",
				);
				INFOPLIST_FILE = CleanOrdersTests/Info.plist;
				LD_RUNPATH_SEARCH_PATHS = "$(inherited) @executable_path/Frameworks @loader_path/Frameworks";
				PRODUCT_NAME = "$(TARGET_NAME)";
				TEST_HOST = "$(BUILT_PRODUCTS_DIR)/CleanOrders.app/CleanOrders";
			};
			name = Debug;
		};
		497698EA1B2BC86900E05810 /* Release */ = {
			isa = XCBuildConfiguration;
			buildSettings = {
				BUNDLE_LOADER = "$(TEST_HOST)";
				FRAMEWORK_SEARCH_PATHS = (
					"$(SDKROOT)/Developer/Library/Frameworks",
					"$(inherited)",
				);
				INFOPLIST_FILE = CleanOrdersTests/Info.plist;
				LD_RUNPATH_SEARCH_PATHS = "$(inherited) @executable_path/Frameworks @loader_path/Frameworks";
				PRODUCT_NAME = "$(TARGET_NAME)";
				TEST_HOST = "$(BUILT_PRODUCTS_DIR)/CleanOrders.app/CleanOrders";
			};
			name = Release;
		};
/* End XCBuildConfiguration section */

/* Begin XCConfigurationList section */
		497698BA1B2BC86800E05810 /* Build configuration list for PBXProject "CleanOrders" */ = {
			isa = XCConfigurationList;
			buildConfigurations = (
				497698E31B2BC86900E05810 /* Debug */,
				497698E41B2BC86900E05810 /* Release */,
			);
			defaultConfigurationIsVisible = 0;
			defaultConfigurationName = Release;
		};
		497698E51B2BC86900E05810 /* Build configuration list for PBXNativeTarget "CleanOrders" */ = {
			isa = XCConfigurationList;
			buildConfigurations = (
				497698E61B2BC86900E05810 /* Debug */,
				497698E71B2BC86900E05810 /* Release */,
			);
			defaultConfigurationIsVisible = 0;
			defaultConfigurationName = Release;
		};
		497698E81B2BC86900E05810 /* Build configuration list for PBXNativeTarget "CleanOrdersTests" */ = {
			isa = XCConfigurationList;
			buildConfigurations = (
				497698E91B2BC86900E05810 /* Debug */,
				497698EA1B2BC86900E05810 /* Release */,
			);
			defaultConfigurationIsVisible = 0;
			defaultConfigurationName = Release;
		};
/* End XCConfigurationList section */

/* Begin XCVersionGroup section */
		497698C91B2BC86800E05810 /* CleanOrders.xcdatamodeld */ = {
			isa = XCVersionGroup;
			children = (
				497698CA1B2BC86800E05810 /* CleanOrders.xcdatamodel */,
			);
			currentVersion = 497698CA1B2BC86800E05810 /* CleanOrders.xcdatamodel */;
			path = CleanOrders.xcdatamodeld;
			sourceTree = "<group>";
			versionGroupType = wrapper.xcdatamodel;
		};
/* End XCVersionGroup section */
	};
	rootObject = 497698B71B2BC86800E05810 /* Project object */;
}
